Microsoft Visual Studio Solution File, Format Version 12.00
# Visual Studio 2012
Project("{FAE04EC0-301F-11D3-BF4B-00C04F79EFBC}") = "SunnyLand", "SunnyLand.csproj", "{6705DD85-1D58-4C78-BA99-8B4FB9CD0911}"
EndProject
Global
	GlobalSection(SolutionConfigurationPlatforms) = preSolution
	Debug|Any CPU = Debug|Any CPU
	ExportDebug|Any CPU = ExportDebug|Any CPU
	ExportRelease|Any CPU = ExportRelease|Any CPU
	EndGlobalSection
	GlobalSection(ProjectConfigurationPlatforms) = postSolution
		{6705DD85-1D58-4C78-BA99-8B4FB9CD0911}.Debug|Any CPU.ActiveCfg = Debug|Any CPU
		{6705DD85-1D58-4C78-BA99-8B4FB9CD0911}.Debug|Any CPU.Build.0 = Debug|Any CPU
		{6705DD85-1D58-4C78-BA99-8B4FB9CD0911}.ExportDebug|Any CPU.ActiveCfg = ExportDebug|Any CPU
		{6705DD85-1D58-4C78-BA99-8B4FB9CD0911}.ExportDebug|Any CPU.Build.0 = ExportDebug|Any CPU
		{6705DD85-1D58-4C78-BA99-8B4FB9CD0911}.ExportRelease|Any CPU.ActiveCfg = ExportRelease|Any CPU
		{6705DD85-1D58-4C78-BA99-8B4FB9CD0911}.ExportRelease|Any CPU.Build.0 = ExportRelease|Any CPU
	EndGlobalSection
EndGlobal
